
Microsoft Visual Studio Solution File, Format Version 12.00
# Visual Studio Version 17
VisualStudioVersion = 17.5.33516.290
MinimumVisualStudioVersion = 10.0.40219.1
Project("{FAE04EC0-301F-11D3-BF4B-00C04F79EFBC}") = "calculate winforem", "calculate winforem\calculate winforem.csproj", "{64396E8D-95D9-4E8F-BFC1-34BF83303FE5}"
EndProject
Global
	GlobalSection(SolutionConfigurationPlatforms) = preSolution
		Debug|Any CPU = Debug|Any CPU
		Release|Any CPU = Release|Any CPU
	EndGlobalSection
	GlobalSection(ProjectConfigurationPlatforms) = postSolution
		{64396E8D-95D9-4E8F-BFC1-34BF83303FE5}.Debug|Any CPU.ActiveCfg = Debug|Any CPU
		{64396E8D-95D9-4E8F-BFC1-34BF83303FE5}.Debug|Any CPU.Build.0 = Debug|Any CPU
		{64396E8D-95D9-4E8F-BFC1-34BF83303FE5}.Release|Any CPU.ActiveCfg = Release|Any CPU
		{64396E8D-95D9-4E8F-BFC1-34BF83303FE5}.Release|Any CPU.Build.0 = Release|Any CPU
	EndGlobalSection
	GlobalSection(SolutionProperties) = preSolution
		HideSolutionNode = FALSE
	EndGlobalSection
	GlobalSection(ExtensibilityGlobals) = postSolution
		SolutionGuid = {B04EBA85-EBD2-49B4-83A6-89ED571BB385}
	EndGlobalSection
EndGlobal
